
Microsoft Visual Studio Solution File, Format Version 12.00
# Visual Studio Version 17
VisualStudioVersion = 17.8.34525.116
MinimumVisualStudioVersion = 10.0.40219.1
Project("{2150E333-8FDC-42A3-9474-1A3956D46DE8}") = "src", "src", "{5F222C0F-E3F0-447D-8EFA-CBCDBF9D6E0B}"
EndProject
Project("{2150E333-8FDC-42A3-9474-1A3956D46DE8}") = "test", "test", "{E44D7F49-64EA-44F1-A4F1-FD729916C140}"
EndProject
Project("{2150E333-8FDC-42A3-9474-1A3956D46DE8}") = "API", "API", "{E95FCCFC-FD88-4AA9-95BF-C04572A5FDD1}"
EndProject
Project("{2150E333-8FDC-42A3-9474-1A3956D46DE8}") = "Core", "Core", "{D4E8A4DB-17D5-4C16-ABB5-B0C848B34226}"
EndProject
Project("{2150E333-8FDC-42A3-9474-1A3956D46DE8}") = "Infrastructure", "Infrastructure", "{70147781-8D7C-486C-AAF6-30E9F5705191}"
EndProject
Project("{2150E333-8FDC-42A3-9474-1A3956D46DE8}") = "UI", "UI", "{C08061B5-5A68-4D5A-B385-95CA1DD6A43A}"
EndProject
Project("{FAE04EC0-301F-11D3-BF4B-00C04F79EFBC}") = "HRLeaveManagement.Domain", "src\Core\HRLeaveManagement.Domain\HRLeaveManagement.Domain.csproj", "{F0DD47D8-310E-4D99-8C0B-144A940965F9}"
EndProject
Global
	GlobalSection(SolutionConfigurationPlatforms) = preSolution
		Debug|Any CPU = Debug|Any CPU
		Release|Any CPU = Release|Any CPU
	EndGlobalSection
	GlobalSection(ProjectConfigurationPlatforms) = postSolution
		{F0DD47D8-310E-4D99-8C0B-144A940965F9}.Debug|Any CPU.ActiveCfg = Debug|Any CPU
		{F0DD47D8-310E-4D99-8C0B-144A940965F9}.Debug|Any CPU.Build.0 = Debug|Any CPU
		{F0DD47D8-310E-4D99-8C0B-144A940965F9}.Release|Any CPU.ActiveCfg = Release|Any CPU
		{F0DD47D8-310E-4D99-8C0B-144A940965F9}.Release|Any CPU.Build.0 = Release|Any CPU
	EndGlobalSection
	GlobalSection(SolutionProperties) = preSolution
		HideSolutionNode = FALSE
	EndGlobalSection
	GlobalSection(NestedProjects) = preSolution
		{E95FCCFC-FD88-4AA9-95BF-C04572A5FDD1} = {5F222C0F-E3F0-447D-8EFA-CBCDBF9D6E0B}
		{D4E8A4DB-17D5-4C16-ABB5-B0C848B34226} = {5F222C0F-E3F0-447D-8EFA-CBCDBF9D6E0B}
		{70147781-8D7C-486C-AAF6-30E9F5705191} = {5F222C0F-E3F0-447D-8EFA-CBCDBF9D6E0B}
		{C08061B5-5A68-4D5A-B385-95CA1DD6A43A} = {5F222C0F-E3F0-447D-8EFA-CBCDBF9D6E0B}
		{F0DD47D8-310E-4D99-8C0B-144A940965F9} = {D4E8A4DB-17D5-4C16-ABB5-B0C848B34226}
	EndGlobalSection
	GlobalSection(ExtensibilityGlobals) = postSolution
		SolutionGuid = {9A14E27A-D36E-4A72-B055-37C879B39F1C}
	EndGlobalSection
EndGlobal
