
Microsoft Visual Studio Solution File, Format Version 12.00
# Visual Studio Version 17
VisualStudioVersion = 17.8.34525.116
MinimumVisualStudioVersion = 10.0.40219.1
Project("{2150E333-8FDC-42A3-9474-1A3956D46DE8}") = "src", "src", "{5F222C0F-E3F0-447D-8EFA-CBCDBF9D6E0B}"
EndProject
Project("{2150E333-8FDC-42A3-9474-1A3956D46DE8}") = "test", "test", "{E44D7F49-64EA-44F1-A4F1-FD729916C140}"
EndProject
Project("{2150E333-8FDC-42A3-9474-1A3956D46DE8}") = "API", "API", "{E95FCCFC-FD88-4AA9-95BF-C04572A5FDD1}"
EndProject
Project("{2150E333-8FDC-42A3-9474-1A3956D46DE8}") = "Core", "Core", "{D4E8A4DB-17D5-4C16-ABB5-B0C848B34226}"
EndProject
Project("{2150E333-8FDC-42A3-9474-1A3956D46DE8}") = "UI", "UI", "{C08061B5-5A68-4D5A-B385-95CA1DD6A43A}"
EndProject
Project("{9A19103F-16F7-4668-BE54-9A1E7A4F7556}") = "HRLeaveManagement.Domain", "src\Core\HRLeaveManagement.Domain\HRLeaveManagement.Domain.csproj", "{F0DD47D8-310E-4D99-8C0B-144A940965F9}"
EndProject
Project("{9A19103F-16F7-4668-BE54-9A1E7A4F7556}") = "HRLeaveManagement.Application", "src\Core\HRLeaveManagement.Application\HRLeaveManagement.Application.csproj", "{99C1BC9B-12E9-49EC-A3F9-11D1CD9405AB}"
EndProject
Project("{2150E333-8FDC-42A3-9474-1A3956D46DE8}") = "Infrastructure", "Infrastructure", "{330842E6-FDB9-4740-9DDB-ACEF28D35049}"
EndProject
Project("{9A19103F-16F7-4668-BE54-9A1E7A4F7556}") = "HRLeaveManagement.Persistence", "src\Infrastructure\HRLeaveManagement.Persistence\HRLeaveManagement.Persistence.csproj", "{1C257606-6B48-4BFB-BA17-2C4A219701FA}"
EndProject
Project("{FAE04EC0-301F-11D3-BF4B-00C04F79EFBC}") = "HRLeaveManagement.Infrastructure", "src\Infrastructure\HRLeaveManagement.Infrastructure\HRLeaveManagement.Infrastructure.csproj", "{B8578271-4671-4021-A43F-DCA748F4AA89}"
EndProject
Global
	GlobalSection(SolutionConfigurationPlatforms) = preSolution
		Debug|Any CPU = Debug|Any CPU
		Release|Any CPU = Release|Any CPU
	EndGlobalSection
	GlobalSection(ProjectConfigurationPlatforms) = postSolution
		{F0DD47D8-310E-4D99-8C0B-144A940965F9}.Debug|Any CPU.ActiveCfg = Debug|Any CPU
		{F0DD47D8-310E-4D99-8C0B-144A940965F9}.Debug|Any CPU.Build.0 = Debug|Any CPU
		{F0DD47D8-310E-4D99-8C0B-144A940965F9}.Release|Any CPU.ActiveCfg = Release|Any CPU
		{F0DD47D8-310E-4D99-8C0B-144A940965F9}.Release|Any CPU.Build.0 = Release|Any CPU
		{99C1BC9B-12E9-49EC-A3F9-11D1CD9405AB}.Debug|Any CPU.ActiveCfg = Debug|Any CPU
		{99C1BC9B-12E9-49EC-A3F9-11D1CD9405AB}.Debug|Any CPU.Build.0 = Debug|Any CPU
		{99C1BC9B-12E9-49EC-A3F9-11D1CD9405AB}.Release|Any CPU.ActiveCfg = Release|Any CPU
		{99C1BC9B-12E9-49EC-A3F9-11D1CD9405AB}.Release|Any CPU.Build.0 = Release|Any CPU
		{1C257606-6B48-4BFB-BA17-2C4A219701FA}.Debug|Any CPU.ActiveCfg = Debug|Any CPU
		{1C257606-6B48-4BFB-BA17-2C4A219701FA}.Debug|Any CPU.Build.0 = Debug|Any CPU
		{1C257606-6B48-4BFB-BA17-2C4A219701FA}.Release|Any CPU.ActiveCfg = Release|Any CPU
		{1C257606-6B48-4BFB-BA17-2C4A219701FA}.Release|Any CPU.Build.0 = Release|Any CPU
		{B8578271-4671-4021-A43F-DCA748F4AA89}.Debug|Any CPU.ActiveCfg = Debug|Any CPU
		{B8578271-4671-4021-A43F-DCA748F4AA89}.Debug|Any CPU.Build.0 = Debug|Any CPU
		{B8578271-4671-4021-A43F-DCA748F4AA89}.Release|Any CPU.ActiveCfg = Release|Any CPU
		{B8578271-4671-4021-A43F-DCA748F4AA89}.Release|Any CPU.Build.0 = Release|Any CPU
	EndGlobalSection
	GlobalSection(SolutionProperties) = preSolution
		HideSolutionNode = FALSE
	EndGlobalSection
	GlobalSection(NestedProjects) = preSolution
		{E95FCCFC-FD88-4AA9-95BF-C04572A5FDD1} = {5F222C0F-E3F0-447D-8EFA-CBCDBF9D6E0B}
		{D4E8A4DB-17D5-4C16-ABB5-B0C848B34226} = {5F222C0F-E3F0-447D-8EFA-CBCDBF9D6E0B}
		{C08061B5-5A68-4D5A-B385-95CA1DD6A43A} = {5F222C0F-E3F0-447D-8EFA-CBCDBF9D6E0B}
		{F0DD47D8-310E-4D99-8C0B-144A940965F9} = {D4E8A4DB-17D5-4C16-ABB5-B0C848B34226}
		{99C1BC9B-12E9-49EC-A3F9-11D1CD9405AB} = {D4E8A4DB-17D5-4C16-ABB5-B0C848B34226}
		{330842E6-FDB9-4740-9DDB-ACEF28D35049} = {5F222C0F-E3F0-447D-8EFA-CBCDBF9D6E0B}
		{1C257606-6B48-4BFB-BA17-2C4A219701FA} = {330842E6-FDB9-4740-9DDB-ACEF28D35049}
		{B8578271-4671-4021-A43F-DCA748F4AA89} = {330842E6-FDB9-4740-9DDB-ACEF28D35049}
	EndGlobalSection
	GlobalSection(ExtensibilityGlobals) = postSolution
		SolutionGuid = {9A14E27A-D36E-4A72-B055-37C879B39F1C}
	EndGlobalSection
EndGlobal
